<?xml version="1.0" encoding="utf-8"?>
<Project ToolsVersion="4.0" xmlns="http://schemas.microsoft.com/developer/msbuild/2003">
  <ItemGroup>
    <Filter Include="源文件">
      <UniqueIdentifier>{4FC737F1-C7A5-4376-A066-2A32D752A2FF}</UniqueIdentifier>
      <Extensions>cpp;c;cc;cxx;def;odl;idl;hpj;bat;asm;asmx</Extensions>
    </Filter>
    <Filter Include="头文件">
      <UniqueIdentifier>{93995380-89BD-4b04-88EB-625FBE52EBFB}</UniqueIdentifier>
      <Extensions>h;hh;hpp;hxx;hm;inl;inc;xsd</Extensions>
    </Filter>
    <Filter Include="资源文件">
      <UniqueIdentifier>{67DA6AB6-F800-4c08-8B7A-83BB121AAD01}</UniqueIdentifier>
      <Extensions>rc;ico;cur;bmp;dlg;rc2;rct;bin;rgs;gif;jpg;jpeg;jpe;resx;tiff;tif;png;wav;mfcribbon-ms</Extensions>
    </Filter>
    <Filter Include="头文件\Core">
      <UniqueIdentifier>{565f1c47-e71c-4268-84f5-ecb51f4d0f3f}</UniqueIdentifier>
    </Filter>
    <Filter Include="源文件\Core">
      <UniqueIdentifier>{0afd6448-bd31-4e8d-9f53-2f9b04ca2402}</UniqueIdentifier>
    </Filter>
    <Filter Include="头文件\Engine">
      <UniqueIdentifier>{ec58dfdc-3f56-45f1-b7ba-48ae829f45b2}</UniqueIdentifier>
    </Filter>
    <Filter Include="源文件\Engine">
      <UniqueIdentifier>{8d5da22c-3eb6-4d17-a2c1-2f066a82f6d2}</UniqueIdentifier>
    </Filter>
    <Filter Include="源文件\Engine\Math">
      <UniqueIdentifier>{ad18eb5d-47cc-45f8-bd8f-7d00c589d414}</UniqueIdentifier>
    </Filter>
    <Filter Include="头文件\Engine\Math">
      <UniqueIdentifier>{6ab0111c-9c9c-4310-9cf7-8d9b08bac527}</UniqueIdentifier>
    </Filter>
    <Filter Include="库">
      <UniqueIdentifier>{8f3052c1-8ee0-421c-be96-d80a5bf462f7}</UniqueIdentifier>
    </Filter>
    <Filter Include="库\ImGUI">
      <UniqueIdentifier>{7dc9357b-44fc-4f9d-9480-e5c91f19c3de}</UniqueIdentifier>
    </Filter>
    <Filter Include="头文件\Core\D3D">
      <UniqueIdentifier>{5fdae09b-2852-4580-9127-f2c069d01d7b}</UniqueIdentifier>
    </Filter>
    <Filter Include="头文件\Core\OpenGL">
      <UniqueIdentifier>{f9039f48-4773-4360-b1f2-6d1a5fe24a8f}</UniqueIdentifier>
    </Filter>
    <Filter Include="头文件\Core\D3D\D3D11Core">
      <UniqueIdentifier>{cfab7024-3b35-4a2e-8b48-0eb006876e8d}</UniqueIdentifier>
    </Filter>
    <Filter Include="头文件\Core\D3D\D3D9Core">
      <UniqueIdentifier>{e106ce3c-6371-400d-a4eb-80cf07a3a56b}</UniqueIdentifier>
    </Filter>
    <Filter Include="头文件\Core\D3D\D3D10Core">
      <UniqueIdentifier>{25368936-df6c-4f16-97c1-ad82db4d3b5f}</UniqueIdentifier>
    </Filter>
    <Filter Include="头文件\Core\OpenGL\OpenGLCore">
      <UniqueIdentifier>{cd5c06c9-1e99-4013-a544-05a2c112e617}</UniqueIdentifier>
    </Filter>
    <Filter Include="源文件\Core\D3D">
      <UniqueIdentifier>{a9959236-8294-4ad5-8576-ec43cb43a687}</UniqueIdentifier>
    </Filter>
    <Filter Include="源文件\Core\OpenGL">
      <UniqueIdentifier>{00355a63-b7e9-4342-a649-7711e3689786}</UniqueIdentifier>
    </Filter>
    <Filter Include="源文件\Core\D3D\D3D11Core">
      <UniqueIdentifier>{51e36890-efe9-4e48-86b7-ea05d2878269}</UniqueIdentifier>
    </Filter>
    <Filter Include="源文件\Core\D3D\D3D9Core">
      <UniqueIdentifier>{65347ef2-8707-48f1-93da-ae0f714b32e9}</UniqueIdentifier>
    </Filter>
    <Filter Include="源文件\Core\D3D\D3D10Core">
      <UniqueIdentifier>{4d960700-2704-442a-bf9a-06ba95350899}</UniqueIdentifier>
    </Filter>
    <Filter Include="源文件\Core\OpenGL\OpenGLCore">
      <UniqueIdentifier>{707acc3e-33dd-402e-b4f5-9a159664eb99}</UniqueIdentifier>
    </Filter>
  </ItemGroup>
  <ItemGroup>
    <ClInclude Include="targetver.h">
      <Filter>头文件</Filter>
    </ClInclude>
    <ClInclude Include="DMath.h">
      <Filter>头文件\Engine\Math</Filter>
    </ClInclude>
    <ClInclude Include="DColor.h">
      <Filter>头文件\Engine</Filter>
    </ClInclude>
    <ClInclude Include="DSystem.h">
      <Filter>头文件\Core</Filter>
    </ClInclude>
    <ClInclude Include="imconfig.h">
      <Filter>库\ImGUI</Filter>
    </ClInclude>
    <ClInclude Include="imgui.h">
      <Filter>库\ImGUI</Filter>
    </ClInclude>
    <ClInclude Include="imgui_internal.h">
      <Filter>库\ImGUI</Filter>
    </ClInclude>
    <ClInclude Include="stb_rect_pack.h">
      <Filter>库\ImGUI</Filter>
    </ClInclude>
    <ClInclude Include="stb_textedit.h">
      <Filter>库\ImGUI</Filter>
    </ClInclude>
    <ClInclude Include="stb_truetype.h">
      <Filter>库\ImGUI</Filter>
    </ClInclude>
    <ClInclude Include="resource.h">
      <Filter>头文件</Filter>
    </ClInclude>
    <ClInclude Include="DGraphics.h">
      <Filter>头文件\Core</Filter>
    </ClInclude>
    <ClInclude Include="D3D9Core.h">
      <Filter>头文件\Core\D3D\D3D9Core</Filter>
    </ClInclude>
    <ClInclude Include="D3D10Core.h">
      <Filter>头文件\Core\D3D\D3D10Core</Filter>
    </ClInclude>
    <ClInclude Include="D3D11Core.h">
      <Filter>头文件\Core\D3D\D3D11Core</Filter>
    </ClInclude>
    <ClInclude Include="DCamera.h">
      <Filter>头文件\Engine</Filter>
    </ClInclude>
    <ClInclude Include="DDisplayObject.h">
      <Filter>头文件\Engine</Filter>
    </ClInclude>
    <ClInclude Include="DLight.h">
      <Filter>头文件\Engine</Filter>
    </ClInclude>
    <ClInclude Include="DMaterial.h">
      <Filter>头文件\Engine</Filter>
    </ClInclude>
    <ClInclude Include="DModelLoader.h">
      <Filter>头文件\Engine</Filter>
    </ClInclude>
    <ClInclude Include="DObject.h">
      <Filter>头文件\Engine</Filter>
    </ClInclude>
    <ClInclude Include="DGUI.h">
      <Filter>头文件\Engine</Filter>
    </ClInclude>
    <ClInclude Include="DInput.h">
      <Filter>头文件\Engine</Filter>
    </ClInclude>
    <ClInclude Include="DLog.h">
      <Filter>头文件\Engine</Filter>
    </ClInclude>
    <ClInclude Include="DRes.h">
      <Filter>头文件\Engine</Filter>
    </ClInclude>
    <ClInclude Include="DTime.h">
      <Filter>头文件\Engine</Filter>
    </ClInclude>
    <ClInclude Include="DFrameBase.h">
      <Filter>头文件</Filter>
    </ClInclude>
    <ClInclude Include="DResObject.h">
      <Filter>头文件\Engine</Filter>
    </ClInclude>
    <ClInclude Include="DScene.h">
      <Filter>头文件\Engine</Filter>
    </ClInclude>
    <ClInclude Include="DSceneManager.h">
      <Filter>头文件\Engine</Filter>
    </ClInclude>
    <ClInclude Include="DSceneObject.h">
      <Filter>头文件\Engine</Filter>
    </ClInclude>
    <ClInclude Include="DShader.h">
      <Filter>头文件\Engine</Filter>
    </ClInclude>
    <ClInclude Include="DTexture.h">
      <Filter>头文件\Engine</Filter>
    </ClInclude>
    <ClInclude Include="DTransform.h">
      <Filter>头文件\Engine</Filter>
    </ClInclude>
    <ClInclude Include="DImGUICore.h">
      <Filter>头文件\Core</Filter>
    </ClInclude>
    <ClInclude Include="DImGUICore9.h">
      <Filter>头文件\Core\D3D\D3D9Core</Filter>
    </ClInclude>
    <ClInclude Include="DImGUICore10.h">
      <Filter>头文件\Core\D3D\D3D10Core</Filter>
    </ClInclude>
    <ClInclude Include="DImGUICore11.h">
      <Filter>头文件\Core\D3D\D3D11Core</Filter>
    </ClInclude>
    <ClInclude Include="DTextureRes11.h">
      <Filter>头文件\Core\D3D\D3D11Core</Filter>
    </ClInclude>
    <ClInclude Include="DTextureRes10.h">
      <Filter>头文件\Core\D3D\D3D10Core</Filter>
    </ClInclude>
    <ClInclude Include="DTextureRes9.h">
      <Filter>头文件\Core\D3D\D3D9Core</Filter>
    </ClInclude>
    <ClInclude Include="DRenderStateMgr9.h">
      <Filter>头文件\Core\D3D\D3D9Core</Filter>
    </ClInclude>
    <ClInclude Include="DRenderStateMgr10.h">
      <Filter>头文件\Core\D3D\D3D10Core</Filter>
    </ClInclude>
    <ClInclude Include="DRenderStateMgr11.h">
      <Filter>头文件\Core\D3D\D3D11Core</Filter>
    </ClInclude>
    <ClInclude Include="DRenderBuffer11.h">
      <Filter>头文件\Core\D3D\D3D11Core</Filter>
    </ClInclude>
    <ClInclude Include="DRenderBuffer10.h">
      <Filter>头文件\Core\D3D\D3D10Core</Filter>
    </ClInclude>
    <ClInclude Include="DGLDrawer.h">
      <Filter>头文件\Core</Filter>
    </ClInclude>
    <ClInclude Include="DUtils.h">
      <Filter>头文件\Engine</Filter>
    </ClInclude>
    <ClInclude Include="DResItem.h">
      <Filter>头文件\Engine</Filter>
    </ClInclude>
    <ClInclude Include="DResGroup.h">
      <Filter>头文件\Engine</Filter>
    </ClInclude>
    <ClInclude Include="DShaderBlock.h">
      <Filter>头文件\Engine</Filter>
    </ClInclude>
    <ClInclude Include="DGraphicsDefine.h">
      <Filter>头文件\Core</Filter>
    </ClInclude>
    <ClInclude Include="DEngineDefine.h">
      <Filter>头文件\Core</Filter>
    </ClInclude>
    <ClInclude Include="DGeometry.h">
      <Filter>头文件\Engine</Filter>
    </ClInclude>
    <ClInclude Include="DGeometryRes9.h">
      <Filter>头文件\Core\D3D\D3D9Core</Filter>
    </ClInclude>
    <ClInclude Include="DGeometryRes10.h">
      <Filter>头文件\Core\D3D\D3D10Core</Filter>
    </ClInclude>
    <ClInclude Include="DGeometryRes11.h">
      <Filter>头文件\Core\D3D\D3D11Core</Filter>
    </ClInclude>
    <ClInclude Include="DGLCore.h">
      <Filter>头文件\Core</Filter>
    </ClInclude>
    <ClInclude Include="DOpenGLCore.h">
      <Filter>头文件\Core\OpenGL\OpenGLCore</Filter>
    </ClInclude>
    <ClInclude Include="DRenderer.h">
      <Filter>头文件\Engine</Filter>
    </ClInclude>
    <ClInclude Include="DShaderConstant.h">
      <Filter>头文件\Engine</Filter>
    </ClInclude>
    <ClInclude Include="DCuller.h">
      <Filter>头文件\Engine</Filter>
    </ClInclude>
    <ClInclude Include="DInputCore.h">
      <Filter>头文件\Core</Filter>
    </ClInclude>
    <ClInclude Include="D3DCore.h">
      <Filter>头文件\Core\D3D</Filter>
    </ClInclude>
    <ClInclude Include="D3DSystem.h">
      <Filter>头文件\Core\D3D</Filter>
    </ClInclude>
    <ClInclude Include="DOpenGLSystem.h">
      <Filter>头文件\Core\OpenGL</Filter>
    </ClInclude>
    <ClInclude Include="DGeometryResOpGL.h">
      <Filter>头文件\Core\OpenGL\OpenGLCore</Filter>
    </ClInclude>
    <ClInclude Include="DRenderStateMgrOpGL.h">
      <Filter>头文件\Core\OpenGL\OpenGLCore</Filter>
    </ClInclude>
    <ClInclude Include="DShaderPass.h">
      <Filter>头文件\Core</Filter>
    </ClInclude>
    <ClInclude Include="D3DShaderPass11.h">
      <Filter>头文件\Core\D3D\D3D11Core</Filter>
    </ClInclude>
    <ClInclude Include="D3DShaderPass10.h">
      <Filter>头文件\Core\D3D\D3D10Core</Filter>
    </ClInclude>
    <ClInclude Include="D3DShaderPass9.h">
      <Filter>头文件\Core\D3D\D3D9Core</Filter>
    </ClInclude>
    <ClInclude Include="DShaderPassOpGL.h">
      <Filter>头文件\Core\OpenGL\OpenGLCore</Filter>
    </ClInclude>
    <ClInclude Include="DTextureResOpGL.h">
      <Filter>头文件\Core\OpenGL\OpenGLCore</Filter>
    </ClInclude>
    <ClInclude Include="DirectInputCore.h">
      <Filter>头文件\Core\D3D</Filter>
    </ClInclude>
    <ClInclude Include="OpenGLInputCore.h">
      <Filter>头文件\Core\OpenGL</Filter>
    </ClInclude>
    <ClInclude Include="DImGUICoreOpGL.h">
      <Filter>头文件\Core\OpenGL\OpenGLCore</Filter>
    </ClInclude>
    <ClInclude Include="D3DImGUICore.h">
      <Filter>头文件\Core\D3D</Filter>
    </ClInclude>
  </ItemGroup>
  <ItemGroup>
    <ClCompile Include="DMath.cpp">
      <Filter>源文件\Engine\Math</Filter>
    </ClCompile>
    <ClCompile Include="DColor.cpp">
      <Filter>源文件\Engine</Filter>
    </ClCompile>
    <ClCompile Include="DSystem.cpp">
      <Filter>源文件\Core</Filter>
    </ClCompile>
    <ClCompile Include="DGLCore.cpp">
      <Filter>源文件\Core</Filter>
    </ClCompile>
    <ClCompile Include="imgui.cpp">
      <Filter>库\ImGUI</Filter>
    </ClCompile>
    <ClCompile Include="imgui_draw.cpp">
      <Filter>库\ImGUI</Filter>
    </ClCompile>
    <ClCompile Include="DGraphics.cpp">
      <Filter>源文件\Core</Filter>
    </ClCompile>
    <ClCompile Include="D3D9Core.cpp">
      <Filter>源文件\Core\D3D\D3D9Core</Filter>
    </ClCompile>
    <ClCompile Include="D3D10Core.cpp">
      <Filter>源文件\Core\D3D\D3D10Core</Filter>
    </ClCompile>
    <ClCompile Include="D3D11Core.cpp">
      <Filter>源文件\Core\D3D\D3D11Core</Filter>
    </ClCompile>
    <ClCompile Include="DCamera.cpp">
      <Filter>源文件\Engine</Filter>
    </ClCompile>
    <ClCompile Include="DDisplayObject.cpp">
      <Filter>源文件\Engine</Filter>
    </ClCompile>
    <ClCompile Include="DLight.cpp">
      <Filter>源文件\Engine</Filter>
    </ClCompile>
    <ClCompile Include="DMaterial.cpp">
      <Filter>源文件\Engine</Filter>
    </ClCompile>
    <ClCompile Include="DModelLoader.cpp">
      <Filter>源文件\Engine</Filter>
    </ClCompile>
    <ClCompile Include="DObject.cpp">
      <Filter>源文件\Engine</Filter>
    </ClCompile>
    <ClCompile Include="DGUI.cpp">
      <Filter>源文件\Engine</Filter>
    </ClCompile>
    <ClCompile Include="DInput.cpp">
      <Filter>源文件\Engine</Filter>
    </ClCompile>
    <ClCompile Include="DLog.cpp">
      <Filter>源文件\Engine</Filter>
    </ClCompile>
    <ClCompile Include="DTime.cpp">
      <Filter>源文件\Engine</Filter>
    </ClCompile>
    <ClCompile Include="DRes.cpp">
      <Filter>源文件\Engine</Filter>
    </ClCompile>
    <ClCompile Include="DResObject.cpp">
      <Filter>源文件\Engine</Filter>
    </ClCompile>
    <ClCompile Include="DScene.cpp">
      <Filter>源文件\Engine</Filter>
    </ClCompile>
    <ClCompile Include="DSceneManager.cpp">
      <Filter>源文件\Engine</Filter>
    </ClCompile>
    <ClCompile Include="DSceneObject.cpp">
      <Filter>源文件\Engine</Filter>
    </ClCompile>
    <ClCompile Include="DShader.cpp">
      <Filter>源文件\Engine</Filter>
    </ClCompile>
    <ClCompile Include="DTexture.cpp">
      <Filter>源文件\Engine</Filter>
    </ClCompile>
    <ClCompile Include="DTransform.cpp">
      <Filter>源文件\Engine</Filter>
    </ClCompile>
    <ClCompile Include="DFrameBase.cpp">
      <Filter>源文件</Filter>
    </ClCompile>
    <ClCompile Include="DImGUICore9.cpp">
      <Filter>源文件\Core\D3D\D3D9Core</Filter>
    </ClCompile>
    <ClCompile Include="DImGUICore10.cpp">
      <Filter>源文件\Core\D3D\D3D10Core</Filter>
    </ClCompile>
    <ClCompile Include="DImGUICore11.cpp">
      <Filter>源文件\Core\D3D\D3D11Core</Filter>
    </ClCompile>
    <ClCompile Include="DTextureRes11.cpp">
      <Filter>源文件\Core\D3D\D3D11Core</Filter>
    </ClCompile>
    <ClCompile Include="DTextureRes10.cpp">
      <Filter>源文件\Core\D3D\D3D10Core</Filter>
    </ClCompile>
    <ClCompile Include="DTextureRes9.cpp">
      <Filter>源文件\Core\D3D\D3D9Core</Filter>
    </ClCompile>
    <ClCompile Include="DRenderStateMgr9.cpp">
      <Filter>源文件\Core\D3D\D3D9Core</Filter>
    </ClCompile>
    <ClCompile Include="DRenderStateMgr10.cpp">
      <Filter>源文件\Core\D3D\D3D10Core</Filter>
    </ClCompile>
    <ClCompile Include="DRenderStateMgr11.cpp">
      <Filter>源文件\Core\D3D\D3D11Core</Filter>
    </ClCompile>
    <ClCompile Include="DRenderBuffer11.cpp">
      <Filter>源文件\Core\D3D\D3D11Core</Filter>
    </ClCompile>
    <ClCompile Include="DRenderBuffer10.cpp">
      <Filter>源文件\Core\D3D\D3D10Core</Filter>
    </ClCompile>
    <ClCompile Include="DGLDrawer.cpp">
      <Filter>源文件\Core</Filter>
    </ClCompile>
    <ClCompile Include="DResGroup.cpp">
      <Filter>源文件\Engine</Filter>
    </ClCompile>
    <ClCompile Include="DResItem.cpp">
      <Filter>源文件\Engine</Filter>
    </ClCompile>
    <ClCompile Include="DShaderBlock.cpp">
      <Filter>源文件\Engine</Filter>
    </ClCompile>
    <ClCompile Include="DGeometryRes9.cpp">
      <Filter>源文件\Core\D3D\D3D9Core</Filter>
    </ClCompile>
    <ClCompile Include="DGeometryRes10.cpp">
      <Filter>源文件\Core\D3D\D3D10Core</Filter>
    </ClCompile>
    <ClCompile Include="DGeometryRes11.cpp">
      <Filter>源文件\Core\D3D\D3D11Core</Filter>
    </ClCompile>
    <ClCompile Include="DGeometry.cpp">
      <Filter>源文件\Engine</Filter>
    </ClCompile>
    <ClCompile Include="DOpenGLCore.cpp">
      <Filter>源文件\Core\OpenGL\OpenGLCore</Filter>
    </ClCompile>
    <ClCompile Include="DRenderer.cpp">
      <Filter>源文件\Engine</Filter>
    </ClCompile>
    <ClCompile Include="DCuller.cpp">
      <Filter>源文件\Engine</Filter>
    </ClCompile>
    <ClCompile Include="glad.c">
      <Filter>源文件\Core\OpenGL\OpenGLCore</Filter>
    </ClCompile>
    <ClCompile Include="D3DCore.cpp">
      <Filter>源文件\Core\D3D</Filter>
    </ClCompile>
    <ClCompile Include="D3DSystem.cpp">
      <Filter>源文件\Core\D3D</Filter>
    </ClCompile>
    <ClCompile Include="DOpenGLSystem.cpp">
      <Filter>源文件\Core\OpenGL</Filter>
    </ClCompile>
    <ClCompile Include="DGeometryResOpGL.cpp">
      <Filter>源文件\Core\OpenGL\OpenGLCore</Filter>
    </ClCompile>
    <ClCompile Include="DRenderStateMgrOpGL.cpp">
      <Filter>源文件\Core\OpenGL\OpenGLCore</Filter>
    </ClCompile>
    <ClCompile Include="DShaderPass.cpp">
      <Filter>源文件\Core</Filter>
    </ClCompile>
    <ClCompile Include="D3DShaderPass11.cpp">
      <Filter>源文件\Core\D3D\D3D11Core</Filter>
    </ClCompile>
    <ClCompile Include="D3DShaderPass10.cpp">
      <Filter>源文件\Core\D3D\D3D10Core</Filter>
    </ClCompile>
    <ClCompile Include="D3DShaderPass9.cpp">
      <Filter>源文件\Core\D3D\D3D9Core</Filter>
    </ClCompile>
    <ClCompile Include="DShaderPassOpGL.cpp">
      <Filter>源文件\Core\OpenGL\OpenGLCore</Filter>
    </ClCompile>
    <ClCompile Include="DTextureResOpGL.cpp">
      <Filter>源文件\Core\OpenGL\OpenGLCore</Filter>
    </ClCompile>
    <ClCompile Include="DirectInputCore.cpp">
      <Filter>源文件\Core\D3D</Filter>
    </ClCompile>
    <ClCompile Include="OpenGLInputCore.cpp">
      <Filter>源文件\Core\OpenGL</Filter>
    </ClCompile>
    <ClCompile Include="DImGUICoreOpGL.cpp">
      <Filter>源文件\Core\OpenGL\OpenGLCore</Filter>
    </ClCompile>
    <ClCompile Include="D3DImGUICore.cpp">
      <Filter>源文件\Core\D3D</Filter>
    </ClCompile>
  </ItemGroup>
  <ItemGroup>
    <ResourceCompile Include="Engine.rc">
      <Filter>资源文件</Filter>
    </ResourceCompile>
  </ItemGroup>
</Project>